
Microsoft Visual Studio Solution File, Format Version 12.00
# Visual Studio Version 17
VisualStudioVersion = 17.10.35027.167
MinimumVisualStudioVersion = 10.0.40219.1
Project("{2150E333-8FDC-42A3-9474-1A3956D46DE8}") = "Api", "Api", "{3CD7E17B-DC33-47CD-83C3-B67722195EE4}"
EndProject
Project("{2150E333-8FDC-42A3-9474-1A3956D46DE8}") = "Core", "Core", "{E877A080-5CF0-42CB-9B5A-7AA5E0F2342A}"
EndProject
Project("{2150E333-8FDC-42A3-9474-1A3956D46DE8}") = "Application", "Application", "{C9C0B225-B051-41D6-89F5-989C915C4C5C}"
EndProject
Project("{2150E333-8FDC-42A3-9474-1A3956D46DE8}") = "Domain", "Domain", "{B9A61383-FB70-4BA7-9338-B8FA5A2E5CEA}"
EndProject
Project("{2150E333-8FDC-42A3-9474-1A3956D46DE8}") = "Infrastructure", "Infrastructure", "{3B096D01-4994-42B5-B578-63D0D816D865}"
EndProject
Project("{2150E333-8FDC-42A3-9474-1A3956D46DE8}") = "Persistence", "Persistence", "{3A0D3826-BAD0-45F3-8972-9F1A404B68C9}"
EndProject
Project("{9A19103F-16F7-4668-BE54-9A1E7A4F7556}") = "BananaGame.Api", "BananaGame.Api\BananaGame.Api.csproj", "{1CBEC9F1-CCBA-42CD-8866-EE2B662C2F7E}"
EndProject
Project("{9A19103F-16F7-4668-BE54-9A1E7A4F7556}") = "BananaGame.Application", "BananaGame.Application\BananaGame.Application.csproj", "{2A2FC989-96E9-47F6-ADA9-890F5D861B91}"
EndProject
Project("{9A19103F-16F7-4668-BE54-9A1E7A4F7556}") = "BananaGame.Domain", "BananaGame.Domain\BananaGame.Domain.csproj", "{B39A3385-5435-401C-B209-FC9D3EE98789}"
EndProject
Project("{9A19103F-16F7-4668-BE54-9A1E7A4F7556}") = "BananaGame.Persistance", "BananaGame.Persistance\BananaGame.Persistance.csproj", "{FC27CAAF-F0AD-411E-8100-4689979B8615}"
EndProject
Project("{2150E333-8FDC-42A3-9474-1A3956D46DE8}") = "Identity", "Identity", "{4F12BDFB-D868-4CDA-AA80-1F17AD3D2E03}"
EndProject
Project("{9A19103F-16F7-4668-BE54-9A1E7A4F7556}") = "BananaGame.Identity", "BananaGame.Identity\BananaGame.Identity.csproj", "{303A28B2-E561-41A9-9370-8933B1197EC5}"
EndProject
Global
	GlobalSection(SolutionConfigurationPlatforms) = preSolution
		Debug|Any CPU = Debug|Any CPU
		Release|Any CPU = Release|Any CPU
	EndGlobalSection
	GlobalSection(ProjectConfigurationPlatforms) = postSolution
		{1CBEC9F1-CCBA-42CD-8866-EE2B662C2F7E}.Debug|Any CPU.ActiveCfg = Debug|Any CPU
		{1CBEC9F1-CCBA-42CD-8866-EE2B662C2F7E}.Debug|Any CPU.Build.0 = Debug|Any CPU
		{1CBEC9F1-CCBA-42CD-8866-EE2B662C2F7E}.Release|Any CPU.ActiveCfg = Release|Any CPU
		{1CBEC9F1-CCBA-42CD-8866-EE2B662C2F7E}.Release|Any CPU.Build.0 = Release|Any CPU
		{2A2FC989-96E9-47F6-ADA9-890F5D861B91}.Debug|Any CPU.ActiveCfg = Debug|Any CPU
		{2A2FC989-96E9-47F6-ADA9-890F5D861B91}.Debug|Any CPU.Build.0 = Debug|Any CPU
		{2A2FC989-96E9-47F6-ADA9-890F5D861B91}.Release|Any CPU.ActiveCfg = Release|Any CPU
		{2A2FC989-96E9-47F6-ADA9-890F5D861B91}.Release|Any CPU.Build.0 = Release|Any CPU
		{B39A3385-5435-401C-B209-FC9D3EE98789}.Debug|Any CPU.ActiveCfg = Debug|Any CPU
		{B39A3385-5435-401C-B209-FC9D3EE98789}.Debug|Any CPU.Build.0 = Debug|Any CPU
		{B39A3385-5435-401C-B209-FC9D3EE98789}.Release|Any CPU.ActiveCfg = Release|Any CPU
		{B39A3385-5435-401C-B209-FC9D3EE98789}.Release|Any CPU.Build.0 = Release|Any CPU
		{FC27CAAF-F0AD-411E-8100-4689979B8615}.Debug|Any CPU.ActiveCfg = Debug|Any CPU
		{FC27CAAF-F0AD-411E-8100-4689979B8615}.Debug|Any CPU.Build.0 = Debug|Any CPU
		{FC27CAAF-F0AD-411E-8100-4689979B8615}.Release|Any CPU.ActiveCfg = Release|Any CPU
		{FC27CAAF-F0AD-411E-8100-4689979B8615}.Release|Any CPU.Build.0 = Release|Any CPU
		{303A28B2-E561-41A9-9370-8933B1197EC5}.Debug|Any CPU.ActiveCfg = Debug|Any CPU
		{303A28B2-E561-41A9-9370-8933B1197EC5}.Debug|Any CPU.Build.0 = Debug|Any CPU
		{303A28B2-E561-41A9-9370-8933B1197EC5}.Release|Any CPU.ActiveCfg = Release|Any CPU
		{303A28B2-E561-41A9-9370-8933B1197EC5}.Release|Any CPU.Build.0 = Release|Any CPU
	EndGlobalSection
	GlobalSection(SolutionProperties) = preSolution
		HideSolutionNode = FALSE
	EndGlobalSection
	GlobalSection(NestedProjects) = preSolution
		{C9C0B225-B051-41D6-89F5-989C915C4C5C} = {E877A080-5CF0-42CB-9B5A-7AA5E0F2342A}
		{B9A61383-FB70-4BA7-9338-B8FA5A2E5CEA} = {E877A080-5CF0-42CB-9B5A-7AA5E0F2342A}
		{3A0D3826-BAD0-45F3-8972-9F1A404B68C9} = {3B096D01-4994-42B5-B578-63D0D816D865}
		{1CBEC9F1-CCBA-42CD-8866-EE2B662C2F7E} = {3CD7E17B-DC33-47CD-83C3-B67722195EE4}
		{2A2FC989-96E9-47F6-ADA9-890F5D861B91} = {C9C0B225-B051-41D6-89F5-989C915C4C5C}
		{B39A3385-5435-401C-B209-FC9D3EE98789} = {B9A61383-FB70-4BA7-9338-B8FA5A2E5CEA}
		{FC27CAAF-F0AD-411E-8100-4689979B8615} = {3A0D3826-BAD0-45F3-8972-9F1A404B68C9}
		{4F12BDFB-D868-4CDA-AA80-1F17AD3D2E03} = {3B096D01-4994-42B5-B578-63D0D816D865}
		{303A28B2-E561-41A9-9370-8933B1197EC5} = {4F12BDFB-D868-4CDA-AA80-1F17AD3D2E03}
	EndGlobalSection
	GlobalSection(ExtensibilityGlobals) = postSolution
		SolutionGuid = {1DAB95D7-C935-439C-B497-DC26BE964797}
	EndGlobalSection
EndGlobal
